
Microsoft Visual Studio Solution File, Format Version 12.00
# Visual Studio Version 17
VisualStudioVersion = 17.0.31903.59
MinimumVisualStudioVersion = 10.0.40219.1
Project("{FAE04EC0-301F-11D3-BF4B-00C04F79EFBC}") = "ServiceBooking.Api", "ServiceBooking.Api\ServiceBooking.Api.csproj", "{DDF95F90-DEB9-470E-B2A3-34EF80941BFD}"
EndProject
Project("{FAE04EC0-301F-11D3-BF4B-00C04F79EFBC}") = "ServiceBooking.Tests", "ServiceBooking.Tests\ServiceBooking.Tests.csproj", "{239FEE2A-4E1F-4CE5-AAB7-82B6CE42A4A1}"
EndProject
Global
	GlobalSection(SolutionConfigurationPlatforms) = preSolution
		Debug|Any CPU = Debug|Any CPU
		Release|Any CPU = Release|Any CPU
	EndGlobalSection
	GlobalSection(SolutionProperties) = preSolution
		HideSolutionNode = FALSE
	EndGlobalSection
	GlobalSection(ProjectConfigurationPlatforms) = postSolution
		{DDF95F90-DEB9-470E-B2A3-34EF80941BFD}.Debug|Any CPU.ActiveCfg = Debug|Any CPU
		{DDF95F90-DEB9-470E-B2A3-34EF80941BFD}.Debug|Any CPU.Build.0 = Debug|Any CPU
		{DDF95F90-DEB9-470E-B2A3-34EF80941BFD}.Release|Any CPU.ActiveCfg = Release|Any CPU
		{DDF95F90-DEB9-470E-B2A3-34EF80941BFD}.Release|Any CPU.Build.0 = Release|Any CPU
		{239FEE2A-4E1F-4CE5-AAB7-82B6CE42A4A1}.Debug|Any CPU.ActiveCfg = Debug|Any CPU
		{239FEE2A-4E1F-4CE5-AAB7-82B6CE42A4A1}.Debug|Any CPU.Build.0 = Debug|Any CPU
		{239FEE2A-4E1F-4CE5-AAB7-82B6CE42A4A1}.Release|Any CPU.ActiveCfg = Release|Any CPU
		{239FEE2A-4E1F-4CE5-AAB7-82B6CE42A4A1}.Release|Any CPU.Build.0 = Release|Any CPU
	EndGlobalSection
EndGlobal
